
Microsoft Visual Studio Solution File, Format Version 12.00
# Visual Studio Version 17
VisualStudioVersion = 17.4.33110.190
MinimumVisualStudioVersion = 10.0.40219.1
Project("{FAE04EC0-301F-11D3-BF4B-00C04F79EFBC}") = "LoginPanel", "LoginPanel\LoginPanel.csproj", "{7522FA18-46BA-463E-A1E6-97053BAEC26A}"
EndProject
Global
	GlobalSection(SolutionConfigurationPlatforms) = preSolution
		Debug|Any CPU = Debug|Any CPU
		Release|Any CPU = Release|Any CPU
	EndGlobalSection
	GlobalSection(ProjectConfigurationPlatforms) = postSolution
		{7522FA18-46BA-463E-A1E6-97053BAEC26A}.Debug|Any CPU.ActiveCfg = Debug|Any CPU
		{7522FA18-46BA-463E-A1E6-97053BAEC26A}.Debug|Any CPU.Build.0 = Debug|Any CPU
		{7522FA18-46BA-463E-A1E6-97053BAEC26A}.Release|Any CPU.ActiveCfg = Release|Any CPU
		{7522FA18-46BA-463E-A1E6-97053BAEC26A}.Release|Any CPU.Build.0 = Release|Any CPU
	EndGlobalSection
	GlobalSection(SolutionProperties) = preSolution
		HideSolutionNode = FALSE
	EndGlobalSection
	GlobalSection(ExtensibilityGlobals) = postSolution
		SolutionGuid = {8E409E75-938E-47BE-A63A-76F16B7446BB}
	EndGlobalSection
EndGlobal
