
Microsoft Visual Studio Solution File, Format Version 12.00
# Visual Studio Version 17
VisualStudioVersion = 17.4.33110.190
MinimumVisualStudioVersion = 10.0.40219.1
Project("{FAE04EC0-301F-11D3-BF4B-00C04F79EFBC}") = "MaskedTextBox", "MaskedTextBox\MaskedTextBox.csproj", "{9AF0E5F9-A3ED-4B12-9690-13BC35A44493}"
EndProject
Global
	GlobalSection(SolutionConfigurationPlatforms) = preSolution
		Debug|Any CPU = Debug|Any CPU
		Release|Any CPU = Release|Any CPU
	EndGlobalSection
	GlobalSection(ProjectConfigurationPlatforms) = postSolution
		{9AF0E5F9-A3ED-4B12-9690-13BC35A44493}.Debug|Any CPU.ActiveCfg = Debug|Any CPU
		{9AF0E5F9-A3ED-4B12-9690-13BC35A44493}.Debug|Any CPU.Build.0 = Debug|Any CPU
		{9AF0E5F9-A3ED-4B12-9690-13BC35A44493}.Release|Any CPU.ActiveCfg = Release|Any CPU
		{9AF0E5F9-A3ED-4B12-9690-13BC35A44493}.Release|Any CPU.Build.0 = Release|Any CPU
	EndGlobalSection
	GlobalSection(SolutionProperties) = preSolution
		HideSolutionNode = FALSE
	EndGlobalSection
	GlobalSection(ExtensibilityGlobals) = postSolution
		SolutionGuid = {442F39C1-9B97-44C0-BD95-5BB288228DED}
	EndGlobalSection
EndGlobal
